
Microsoft Visual Studio Solution File, Format Version 12.00
# Visual Studio Version 16
VisualStudioVersion = 16.0.31624.102
MinimumVisualStudioVersion = 10.0.40219.1
Project("{FAE04EC0-301F-11D3-BF4B-00C04F79EFBC}") = "OnlineShop", "OnlineShop\OnlineShop.csproj", "{19956A24-15F9-4EC3-B0EC-ECDEEC189EBB}"
EndProject
Global
	GlobalSection(SolutionConfigurationPlatforms) = preSolution
		Debug|Any CPU = Debug|Any CPU
		Release|Any CPU = Release|Any CPU
	EndGlobalSection
	GlobalSection(ProjectConfigurationPlatforms) = postSolution
		{19956A24-15F9-4EC3-B0EC-ECDEEC189EBB}.Debug|Any CPU.ActiveCfg = Debug|Any CPU
		{19956A24-15F9-4EC3-B0EC-ECDEEC189EBB}.Debug|Any CPU.Build.0 = Debug|Any CPU
		{19956A24-15F9-4EC3-B0EC-ECDEEC189EBB}.Release|Any CPU.ActiveCfg = Release|Any CPU
		{19956A24-15F9-4EC3-B0EC-ECDEEC189EBB}.Release|Any CPU.Build.0 = Release|Any CPU
	EndGlobalSection
	GlobalSection(SolutionProperties) = preSolution
		HideSolutionNode = FALSE
	EndGlobalSection
	GlobalSection(ExtensibilityGlobals) = postSolution
		SolutionGuid = {737DCC38-D1AA-4996-95D7-9986EF28D7DD}
	EndGlobalSection
EndGlobal
